
Microsoft Visual Studio Solution File, Format Version 12.00
# Visual Studio Version 17
VisualStudioVersion = 17.13.35825.156 d17.13
MinimumVisualStudioVersion = 10.0.40219.1
Project("{FAE04EC0-301F-11D3-BF4B-00C04F79EFBC}") = "курсач", "курсач.csproj", "{526E8276-6D7D-4E90-967A-D721BB263911}"
EndProject
Global
	GlobalSection(SolutionConfigurationPlatforms) = preSolution
		Debug|Any CPU = Debug|Any CPU
		Release|Any CPU = Release|Any CPU
	EndGlobalSection
	GlobalSection(ProjectConfigurationPlatforms) = postSolution
		{526E8276-6D7D-4E90-967A-D721BB263911}.Debug|Any CPU.ActiveCfg = Debug|Any CPU
		{526E8276-6D7D-4E90-967A-D721BB263911}.Debug|Any CPU.Build.0 = Debug|Any CPU
		{526E8276-6D7D-4E90-967A-D721BB263911}.Release|Any CPU.ActiveCfg = Release|Any CPU
		{526E8276-6D7D-4E90-967A-D721BB263911}.Release|Any CPU.Build.0 = Release|Any CPU
	EndGlobalSection
	GlobalSection(SolutionProperties) = preSolution
		HideSolutionNode = FALSE
	EndGlobalSection
	GlobalSection(ExtensibilityGlobals) = postSolution
		SolutionGuid = {19B052BC-8372-4084-ADF1-623DCA55C4EA}
	EndGlobalSection
EndGlobal
